
Microsoft Visual Studio Solution File, Format Version 12.00
# Visual Studio Version 17
VisualStudioVersion = 17.9.34701.34
MinimumVisualStudioVersion = 10.0.40219.1
Project("{FAE04EC0-301F-11D3-BF4B-00C04F79EFBC}") = "tp3_cnet", "tp3_cnet.csproj", "{F2F39B50-93C8-4F81-B471-1734EE7BF1B2}"
EndProject
Global
	GlobalSection(SolutionConfigurationPlatforms) = preSolution
		Debug|Any CPU = Debug|Any CPU
		Release|Any CPU = Release|Any CPU
	EndGlobalSection
	GlobalSection(ProjectConfigurationPlatforms) = postSolution
		{F2F39B50-93C8-4F81-B471-1734EE7BF1B2}.Debug|Any CPU.ActiveCfg = Debug|Any CPU
		{F2F39B50-93C8-4F81-B471-1734EE7BF1B2}.Debug|Any CPU.Build.0 = Debug|Any CPU
		{F2F39B50-93C8-4F81-B471-1734EE7BF1B2}.Release|Any CPU.ActiveCfg = Release|Any CPU
		{F2F39B50-93C8-4F81-B471-1734EE7BF1B2}.Release|Any CPU.Build.0 = Release|Any CPU
	EndGlobalSection
	GlobalSection(SolutionProperties) = preSolution
		HideSolutionNode = FALSE
	EndGlobalSection
	GlobalSection(ExtensibilityGlobals) = postSolution
		SolutionGuid = {5C866727-6480-4B3D-A0D8-46F0CB67E00E}
	EndGlobalSection
EndGlobal
